// !$*UTF8*$!
{
	archiveVersion = 1;
	classes = {
	};
	objectVersion = 46;
	objects = {

/* Begin PBXBuildFile section */
		131583221EA26A43003A186E /* CoreDataUtil.swift in Sources */ = {isa = PBXBuildFile; fileRef = 131583211EA26A43003A186E /* CoreDataUtil.swift */; };
		131583241EA29557003A186E /* TemperaturaViewController.swift in Sources */ = {isa = PBXBuildFile; fileRef = 131583231EA29557003A186E /* TemperaturaViewController.swift */; };
		1398F27E1E869E1000169274 /* AppDelegate.swift in Sources */ = {isa = PBXBuildFile; fileRef = 1398F27D1E869E1000169274 /* AppDelegate.swift */; };
		1398F2801E869E1100169274 /* ViewController.swift in Sources */ = {isa = PBXBuildFile; fileRef = 1398F27F1E869E1100169274 /* ViewController.swift */; };
		1398F2831E869E1100169274 /* Main.storyboard in Resources */ = {isa = PBXBuildFile; fileRef = 1398F2811E869E1100169274 /* Main.storyboard */; };
		1398F2861E869E1100169274 /* App_Contatos.xcdatamodeld in Sources */ = {isa = PBXBuildFile; fileRef = 1398F2841E869E1100169274 /* App_Contatos.xcdatamodeld */; };
		1398F2881E869E1100169274 /* Assets.xcassets in Resources */ = {isa = PBXBuildFile; fileRef = 1398F2871E869E1100169274 /* Assets.xcassets */; };
		1398F28B1E869E1100169274 /* LaunchScreen.storyboard in Resources */ = {isa = PBXBuildFile; fileRef = 1398F2891E869E1100169274 /* LaunchScreen.storyboard */; };
		1398F2931E869F7300169274 /* Contato.swift in Sources */ = {isa = PBXBuildFile; fileRef = 1398F2921E869F7300169274 /* Contato.swift */; };
		1398F2951E869FD200169274 /* ContatoDao.swift in Sources */ = {isa = PBXBuildFile; fileRef = 1398F2941E869FD200169274 /* ContatoDao.swift */; };
		1398F29D1E86B58100169274 /* ListaContatosTableViewController.swift in Sources */ = {isa = PBXBuildFile; fileRef = 1398F29C1E86B58100169274 /* ListaContatosTableViewController.swift */; };
		13A388BB1E992D270020E94A /* noimage.png in Resources */ = {isa = PBXBuildFile; fileRef = 13A388BA1E992D270020E94A /* noimage.png */; };
		13A388BD1E9955750020E94A /* ContatosNoMapaViewController.swift in Sources */ = {isa = PBXBuildFile; fileRef = 13A388BC1E9955750020E94A /* ContatosNoMapaViewController.swift */; };
		13AFBA601E8FEAD300A6F4CE /* TesteViewController.swift in Sources */ = {isa = PBXBuildFile; fileRef = 13AFBA5F1E8FEAD300A6F4CE /* TesteViewController.swift */; };
		13E1B4641E8FFDAC00CD1191 /* FormularioContatoViewControllerDelegate.swift in Sources */ = {isa = PBXBuildFile; fileRef = 13E1B4631E8FFDAC00CD1191 /* FormularioContatoViewControllerDelegate.swift */; };
		13E1B46E1E903BFB00CD1191 /* GerenciadorDeAcoes.swift in Sources */ = {isa = PBXBuildFile; fileRef = 13E1B46D1E903BFB00CD1191 /* GerenciadorDeAcoes.swift */; };
		89969E237E6E230F61415788 /* Pods_App_Contatos.framework in Frameworks */ = {isa = PBXBuildFile; fileRef = 313B62161E1FDBB05BE661F4 /* Pods_App_Contatos.framework */; };
/* End PBXBuildFile section */

/* Begin PBXFileReference section */
		131583211EA26A43003A186E /* CoreDataUtil.swift */ = {isa = PBXFileReference; fileEncoding = 4; lastKnownFileType = sourcecode.swift; path = CoreDataUtil.swift; sourceTree = "<group>"; };
		131583231EA29557003A186E /* TemperaturaViewController.swift */ = {isa = PBXFileReference; fileEncoding = 4; lastKnownFileType = sourcecode.swift; path = TemperaturaViewController.swift; sourceTree = "<group>"; };
		1398F27A1E869E1000169274 /* App Contatos.app */ = {isa = PBXFileReference; explicitFileType = wrapper.application; includeInIndex = 0; path = "App Contatos.app"; sourceTree = BUILT_PRODUCTS_DIR; };
		1398F27D1E869E1000169274 /* AppDelegate.swift */ = {isa = PBXFileReference; lastKnownFileType = sourcecode.swift; path = AppDelegate.swift; sourceTree = "<group>"; };
		1398F27F1E869E1100169274 /* ViewController.swift */ = {isa = PBXFileReference; lastKnownFileType = sourcecode.swift; path = ViewController.swift; sourceTree = "<group>"; };
		1398F2821E869E1100169274 /* Base */ = {isa = PBXFileReference; lastKnownFileType = file.storyboard; name = Base; path = Base.lproj/Main.storyboard; sourceTree = "<group>"; };
		1398F2851E869E1100169274 /* App_Contatos.xcdatamodel */ = {isa = PBXFileReference; lastKnownFileType = wrapper.xcdatamodel; path = App_Contatos.xcdatamodel; sourceTree = "<group>"; };
		1398F2871E869E1100169274 /* Assets.xcassets */ = {isa = PBXFileReference; lastKnownFileType = folder.assetcatalog; path = Assets.xcassets; sourceTree = "<group>"; };
		1398F28A1E869E1100169274 /* Base */ = {isa = PBXFileReference; lastKnownFileType = file.storyboard; name = Base; path = Base.lproj/LaunchScreen.storyboard; sourceTree = "<group>"; };
		1398F28C1E869E1100169274 /* Info.plist */ = {isa = PBXFileReference; lastKnownFileType = text.plist.xml; path = Info.plist; sourceTree = "<group>"; };
		1398F2921E869F7300169274 /* Contato.swift */ = {isa = PBXFileReference; fileEncoding = 4; lastKnownFileType = sourcecode.swift; path = Contato.swift; sourceTree = "<group>"; };
		1398F2941E869FD200169274 /* ContatoDao.swift */ = {isa = PBXFileReference; fileEncoding = 4; lastKnownFileType = sourcecode.swift; path = ContatoDao.swift; sourceTree = "<group>"; };
		1398F29C1E86B58100169274 /* ListaContatosTableViewController.swift */ = {isa = PBXFileReference; fileEncoding = 4; lastKnownFileType = sourcecode.swift; path = ListaContatosTableViewController.swift; sourceTree = "<group>"; };
		13A388BA1E992D270020E94A /* noimage.png */ = {isa = PBXFileReference; lastKnownFileType = image.png; path = noimage.png; sourceTree = "<group>"; };
		13A388BC1E9955750020E94A /* ContatosNoMapaViewController.swift */ = {isa = PBXFileReference; fileEncoding = 4; lastKnownFileType = sourcecode.swift; path = ContatosNoMapaViewController.swift; sourceTree = "<group>"; };
		13A388BE1E9960BA0020E94A /* VilaMariana.gpx */ = {isa = PBXFileReference; lastKnownFileType = text.xml; path = VilaMariana.gpx; sourceTree = "<group>"; };
		13AFBA5F1E8FEAD300A6F4CE /* TesteViewController.swift */ = {isa = PBXFileReference; fileEncoding = 4; lastKnownFileType = sourcecode.swift; path = TesteViewController.swift; sourceTree = "<group>"; };
		13E1B4631E8FFDAC00CD1191 /* FormularioContatoViewControllerDelegate.swift */ = {isa = PBXFileReference; fileEncoding = 4; lastKnownFileType = sourcecode.swift; path = FormularioContatoViewControllerDelegate.swift; sourceTree = "<group>"; };
		13E1B46D1E903BFB00CD1191 /* GerenciadorDeAcoes.swift */ = {isa = PBXFileReference; fileEncoding = 4; lastKnownFileType = sourcecode.swift; path = GerenciadorDeAcoes.swift; sourceTree = "<group>"; };
		313B62161E1FDBB05BE661F4 /* Pods_App_Contatos.framework */ = {isa = PBXFileReference; explicitFileType = wrapper.framework; includeInIndex = 0; path = Pods_App_Contatos.framework; sourceTree = BUILT_PRODUCTS_DIR; };
		7117E6D86FDA7280D720FEA8 /* Pods-App Contatos.debug.xcconfig */ = {isa = PBXFileReference; includeInIndex = 1; lastKnownFileType = text.xcconfig; name = "Pods-App Contatos.debug.xcconfig"; path = "Pods/Target Support Files/Pods-App Contatos/Pods-App Contatos.debug.xcconfig"; sourceTree = "<group>"; };
		728CE796BA587A95FA8F01DE /* Pods-App Contatos.release.xcconfig */ = {isa = PBXFileReference; includeInIndex = 1; lastKnownFileType = text.xcconfig; name = "Pods-App Contatos.release.xcconfig"; path = "Pods/Target Support Files/Pods-App Contatos/Pods-App Contatos.release.xcconfig"; sourceTree = "<group>"; };
/* End PBXFileReference section */

/* Begin PBXFrameworksBuildPhase section */
		1398F2771E869E0F00169274 /* Frameworks */ = {
			isa = PBXFrameworksBuildPhase;
			buildActionMask = 2147483647;
			files = (
				89969E237E6E230F61415788 /* Pods_App_Contatos.framework in Frameworks */,
			);
			runOnlyForDeploymentPostprocessing = 0;
		};
/* End PBXFrameworksBuildPhase section */

/* Begin PBXGroup section */
		1398F2711E869E0F00169274 = {
			isa = PBXGroup;
			children = (
				1398F27C1E869E1000169274 /* App Contatos */,
				1398F27B1E869E1000169274 /* Products */,
				D0C50FD91F96A2C22E8A5748 /* Pods */,
				3CB35C9574DE5589533F8CD5 /* Frameworks */,
			);
			sourceTree = "<group>";
		};
		1398F27B1E869E1000169274 /* Products */ = {
			isa = PBXGroup;
			children = (
				1398F27A1E869E1000169274 /* App Contatos.app */,
			);
			name = Products;
			sourceTree = "<group>";
		};
		1398F27C1E869E1000169274 /* App Contatos */ = {
			isa = PBXGroup;
			children = (
				13A388BA1E992D270020E94A /* noimage.png */,
				13AFBA5F1E8FEAD300A6F4CE /* TesteViewController.swift */,
				1398F27D1E869E1000169274 /* AppDelegate.swift */,
				1398F27F1E869E1100169274 /* ViewController.swift */,
				1398F2811E869E1100169274 /* Main.storyboard */,
				1398F2871E869E1100169274 /* Assets.xcassets */,
				1398F2891E869E1100169274 /* LaunchScreen.storyboard */,
				1398F28C1E869E1100169274 /* Info.plist */,
				1398F2841E869E1100169274 /* App_Contatos.xcdatamodeld */,
				1398F2921E869F7300169274 /* Contato.swift */,
				1398F2941E869FD200169274 /* ContatoDao.swift */,
				1398F29C1E86B58100169274 /* ListaContatosTableViewController.swift */,
				13E1B4631E8FFDAC00CD1191 /* FormularioContatoViewControllerDelegate.swift */,
				13E1B46D1E903BFB00CD1191 /* GerenciadorDeAcoes.swift */,
				13A388BC1E9955750020E94A /* ContatosNoMapaViewController.swift */,
				13A388BE1E9960BA0020E94A /* VilaMariana.gpx */,
				131583211EA26A43003A186E /* CoreDataUtil.swift */,
				131583231EA29557003A186E /* TemperaturaViewController.swift */,
			);
			path = "App Contatos";
			sourceTree = "<group>";
		};
		3CB35C9574DE5589533F8CD5 /* Frameworks */ = {
			isa = PBXGroup;
			children = (
				313B62161E1FDBB05BE661F4 /* Pods_App_Contatos.framework */,
			);
			name = Frameworks;
			sourceTree = "<group>";
		};
		D0C50FD91F96A2C22E8A5748 /* Pods */ = {
			isa = PBXGroup;
			children = (
				7117E6D86FDA7280D720FEA8 /* Pods-App Contatos.debug.xcconfig */,
				728CE796BA587A95FA8F01DE /* Pods-App Contatos.release.xcconfig */,
			);
			name = Pods;
			sourceTree = "<group>";
		};
/* End PBXGroup section */

/* Begin PBXNativeTarget section */
		1398F2791E869E0F00169274 /* App Contatos */ = {
			isa = PBXNativeTarget;
			buildConfigurationList = 1398F28F1E869E1100169274 /* Build configuration list for PBXNativeTarget "App Contatos" */;
			buildPhases = (
				655863464F02B5513D2883CC /* [CP] Check Pods Manifest.lock */,
				1398F2761E869E0F00169274 /* Sources */,
				1398F2771E869E0F00169274 /* Frameworks */,
				1398F2781E869E0F00169274 /* Resources */,
				2C7F76990124C05068A5FBE4 /* [CP] Embed Pods Frameworks */,
				75302484492FB0FBFD72A332 /* [CP] Copy Pods Resources */,
			);
			buildRules = (
			);
			dependencies = (
			);
			name = "App Contatos";
			productName = "App Contatos";
			productReference = 1398F27A1E869E1000169274 /* App Contatos.app */;
			productType = "com.apple.product-type.application";
		};
/* End PBXNativeTarget section */

/* Begin PBXProject section */
		1398F2721E869E0F00169274 /* Project object */ = {
			isa = PBXProject;
			attributes = {
				LastSwiftUpdateCheck = 0800;
				LastUpgradeCheck = 0800;
				ORGANIZATIONNAME = Caelum;
				TargetAttributes = {
					1398F2791E869E0F00169274 = {
						CreatedOnToolsVersion = 8.0;
						ProvisioningStyle = Automatic;
					};
				};
			};
			buildConfigurationList = 1398F2751E869E0F00169274 /* Build configuration list for PBXProject "App Contatos" */;
			compatibilityVersion = "Xcode 3.2";
			developmentRegion = English;
			hasScannedForEncodings = 0;
			knownRegions = (
				en,
				Base,
			);
			mainGroup = 1398F2711E869E0F00169274;
			productRefGroup = 1398F27B1E869E1000169274 /* Products */;
			projectDirPath = "";
			projectRoot = "";
			targets = (
				1398F2791E869E0F00169274 /* App Contatos */,
			);
		};
/* End PBXProject section */

/* Begin PBXResourcesBuildPhase section */
		1398F2781E869E0F00169274 /* Resources */ = {
			isa = PBXResourcesBuildPhase;
			buildActionMask = 2147483647;
			files = (
				1398F28B1E869E1100169274 /* LaunchScreen.storyboard in Resources */,
				1398F2881E869E1100169274 /* Assets.xcassets in Resources */,
				13A388BB1E992D270020E94A /* noimage.png in Resources */,
				1398F2831E869E1100169274 /* Main.storyboard in Resources */,
			);
			runOnlyForDeploymentPostprocessing = 0;
		};
/* End PBXResourcesBuildPhase section */

/* Begin PBXShellScriptBuildPhase section */
		2C7F76990124C05068A5FBE4 /* [CP] Embed Pods Frameworks */ = {
			isa = PBXShellScriptBuildPhase;
			buildActionMask = 2147483647;
			files = (
			);
			inputPaths = (
			);
			name = "[CP] Embed Pods Frameworks";
			outputPaths = (
			);
			runOnlyForDeploymentPostprocessing = 0;
			shellPath = /bin/sh;
			shellScript = "\"${SRCROOT}/Pods/Target Support Files/Pods-App Contatos/Pods-App Contatos-frameworks.sh\"\n";
			showEnvVarsInLog = 0;
		};
		655863464F02B5513D2883CC /* [CP] Check Pods Manifest.lock */ = {
			isa = PBXShellScriptBuildPhase;
			buildActionMask = 2147483647;
			files = (
			);
			inputPaths = (
			);
			name = "[CP] Check Pods Manifest.lock";
			outputPaths = (
			);
			runOnlyForDeploymentPostprocessing = 0;
			shellPath = /bin/sh;
			shellScript = "diff \"${PODS_ROOT}/../Podfile.lock\" \"${PODS_ROOT}/Manifest.lock\" > /dev/null\nif [ $? != 0 ] ; then\n    # print error to STDERR\n    echo \"error: The sandbox is not in sync with the Podfile.lock. Run 'pod install' or update your CocoaPods installation.\" >&2\n    exit 1\nfi\n";
			showEnvVarsInLog = 0;
		};
		75302484492FB0FBFD72A332 /* [CP] Copy Pods Resources */ = {
			isa = PBXShellScriptBuildPhase;
			buildActionMask = 2147483647;
			files = (
			);
			inputPaths = (
			);
			name = "[CP] Copy Pods Resources";
			outputPaths = (
			);
			runOnlyForDeploymentPostprocessing = 0;
			shellPath = /bin/sh;
			shellScript = "\"${SRCROOT}/Pods/Target Support Files/Pods-App Contatos/Pods-App Contatos-resources.sh\"\n";
			showEnvVarsInLog = 0;
		};
/* End PBXShellScriptBuildPhase section */

/* Begin PBXSourcesBuildPhase section */
		1398F2761E869E0F00169274 /* Sources */ = {
			isa = PBXSourcesBuildPhase;
			buildActionMask = 2147483647;
			files = (
				1398F2931E869F7300169274 /* Contato.swift in Sources */,
				1398F2801E869E1100169274 /* ViewController.swift in Sources */,
				13E1B4641E8FFDAC00CD1191 /* FormularioContatoViewControllerDelegate.swift in Sources */,
				13AFBA601E8FEAD300A6F4CE /* TesteViewController.swift in Sources */,
				1398F29D1E86B58100169274 /* ListaContatosTableViewController.swift in Sources */,
				1398F2951E869FD200169274 /* ContatoDao.swift in Sources */,
				1398F27E1E869E1000169274 /* AppDelegate.swift in Sources */,
				13E1B46E1E903BFB00CD1191 /* GerenciadorDeAcoes.swift in Sources */,
				131583221EA26A43003A186E /* CoreDataUtil.swift in Sources */,
				1398F2861E869E1100169274 /* App_Contatos.xcdatamodeld in Sources */,
				13A388BD1E9955750020E94A /* ContatosNoMapaViewController.swift in Sources */,
				131583241EA29557003A186E /* TemperaturaViewController.swift in Sources */,
			);
			runOnlyForDeploymentPostprocessing = 0;
		};
/* End PBXSourcesBuildPhase section */

/* Begin PBXVariantGroup section */
		1398F2811E869E1100169274 /* Main.storyboard */ = {
			isa = PBXVariantGroup;
			children = (
				1398F2821E869E1100169274 /* Base */,
			);
			name = Main.storyboard;
			sourceTree = "<group>";
		};
		1398F2891E869E1100169274 /* LaunchScreen.storyboard */ = {
			isa = PBXVariantGroup;
			children = (
				1398F28A1E869E1100169274 /* Base */,
			);
			name = LaunchScreen.storyboard;
			sourceTree = "<group>";
		};
/* End PBXVariantGroup section */

/* Begin XCBuildConfiguration section */
		1398F28D1E869E1100169274 /* Debug */ = {
			isa = XCBuildConfiguration;
			buildSettings = {
				ALWAYS_SEARCH_USER_PATHS = NO;
				CLANG_ANALYZER_NONNULL = YES;
				CLANG_CXX_LANGUAGE_STANDARD = "gnu++0x";
				CLANG_CXX_LIBRARY = "libc++";
				CLANG_ENABLE_MODULES = YES;
				CLANG_ENABLE_OBJC_ARC = YES;
				CLANG_WARN_BOOL_CONVERSION = YES;
				CLANG_WARN_CONSTANT_CONVERSION = YES;
				CLANG_WARN_DIRECT_OBJC_ISA_USAGE = YES_ERROR;
				CLANG_WARN_DOCUMENTATION_COMMENTS = YES;
				CLANG_WARN_EMPTY_BODY = YES;
				CLANG_WARN_ENUM_CONVERSION = YES;
				CLANG_WARN_INFINITE_RECURSION = YES;
				CLANG_WARN_INT_CONVERSION = YES;
				CLANG_WARN_OBJC_ROOT_CLASS = YES_ERROR;
				CLANG_WARN_SUSPICIOUS_MOVES = YES;
				CLANG_WARN_UNREACHABLE_CODE = YES;
				CLANG_WARN__DUPLICATE_METHOD_MATCH = YES;
				"CODE_SIGN_IDENTITY[sdk=iphoneos*]" = "iPhone Developer";
				COPY_PHASE_STRIP = NO;
				DEBUG_INFORMATION_FORMAT = dwarf;
				ENABLE_STRICT_OBJC_MSGSEND = YES;
				ENABLE_TESTABILITY = YES;
				GCC_C_LANGUAGE_STANDARD = gnu99;
				GCC_DYNAMIC_NO_PIC = NO;
				GCC_NO_COMMON_BLOCKS = YES;
				GCC_OPTIMIZATION_LEVEL = 0;
				GCC_PREPROCESSOR_DEFINITIONS = (
					"DEBUG=1",
					"$(inherited)",
				);
				GCC_WARN_64_TO_32_BIT_CONVERSION = YES;
				GCC_WARN_ABOUT_RETURN_TYPE = YES_ERROR;
				GCC_WARN_UNDECLARED_SELECTOR = YES;
				GCC_WARN_UNINITIALIZED_AUTOS = YES_AGGRESSIVE;
				GCC_WARN_UNUSED_FUNCTION = YES;
				GCC_WARN_UNUSED_VARIABLE = YES;
				IPHONEOS_DEPLOYMENT_TARGET = 10.0;
				MTL_ENABLE_DEBUG_INFO = YES;
				ONLY_ACTIVE_ARCH = YES;
				SDKROOT = iphoneos;
				SWIFT_ACTIVE_COMPILATION_CONDITIONS = DEBUG;
				SWIFT_OPTIMIZATION_LEVEL = "-Onone";
				TARGETED_DEVICE_FAMILY = "1,2";
			};
			name = Debug;
		};
		1398F28E1E869E1100169274 /* Release */ = {
			isa = XCBuildConfiguration;
			buildSettings = {
				ALWAYS_SEARCH_USER_PATHS = NO;
				CLANG_ANALYZER_NONNULL = YES;
				CLANG_CXX_LANGUAGE_STANDARD = "gnu++0x";
				CLANG_CXX_LIBRARY = "libc++";
				CLANG_ENABLE_MODULES = YES;
				CLANG_ENABLE_OBJC_ARC = YES;
				CLANG_WARN_BOOL_CONVERSION = YES;
				CLANG_WARN_CONSTANT_CONVERSION = YES;
				CLANG_WARN_DIRECT_OBJC_ISA_USAGE = YES_ERROR;
				CLANG_WARN_DOCUMENTATION_COMMENTS = YES;
				CLANG_WARN_EMPTY_BODY = YES;
				CLANG_WARN_ENUM_CONVERSION = YES;
				CLANG_WARN_INFINITE_RECURSION = YES;
				CLANG_WARN_INT_CONVERSION = YES;
				CLANG_WARN_OBJC_ROOT_CLASS = YES_ERROR;
				CLANG_WARN_SUSPICIOUS_MOVES = YES;
				CLANG_WARN_UNREACHABLE_CODE = YES;
				CLANG_WARN__DUPLICATE_METHOD_MATCH = YES;
				"CODE_SIGN_IDENTITY[sdk=iphoneos*]" = "iPhone Developer";
				COPY_PHASE_STRIP = NO;
				DEBUG_INFORMATION_FORMAT = "dwarf-with-dsym";
				ENABLE_NS_ASSERTIONS = NO;
				ENABLE_STRICT_OBJC_MSGSEND = YES;
				GCC_C_LANGUAGE_STANDARD = gnu99;
				GCC_NO_COMMON_BLOCKS = YES;
				GCC_WARN_64_TO_32_BIT_CONVERSION = YES;
				GCC_WARN_ABOUT_RETURN_TYPE = YES_ERROR;
				GCC_WARN_UNDECLARED_SELECTOR = YES;
				GCC_WARN_UNINITIALIZED_AUTOS = YES_AGGRESSIVE;
				GCC_WARN_UNUSED_FUNCTION = YES;
				GCC_WARN_UNUSED_VARIABLE = YES;
				IPHONEOS_DEPLOYMENT_TARGET = 10.0;
				MTL_ENABLE_DEBUG_INFO = NO;
				SDKROOT = iphoneos;
				SWIFT_OPTIMIZATION_LEVEL = "-Owholemodule";
				TARGETED_DEVICE_FAMILY = "1,2";
				VALIDATE_PRODUCT = YES;
			};
			name = Release;
		};
		1398F2901E869E1100169274 /* Debug */ = {
			isa = XCBuildConfiguration;
			baseConfigurationReference = 7117E6D86FDA7280D720FEA8 /* Pods-App Contatos.debug.xcconfig */;
			buildSettings = {
				ASSETCATALOG_COMPILER_APPICON_NAME = AppIcon;
				INFOPLIST_FILE = "App Contatos/Info.plist";
				LD_RUNPATH_SEARCH_PATHS = "$(inherited) @executable_path/Frameworks";
				PRODUCT_BUNDLE_IDENTIFIER = "caelum.com.br.App-Contatos";
				PRODUCT_NAME = "$(TARGET_NAME)";
				SWIFT_VERSION = 3.0;
			};
			name = Debug;
		};
		1398F2911E869E1100169274 /* Release */ = {
			isa = XCBuildConfiguration;
			baseConfigurationReference = 728CE796BA587A95FA8F01DE /* Pods-App Contatos.release.xcconfig */;
			buildSettings = {
				ASSETCATALOG_COMPILER_APPICON_NAME = AppIcon;
				INFOPLIST_FILE = "App Contatos/Info.plist";
				LD_RUNPATH_SEARCH_PATHS = "$(inherited) @executable_path/Frameworks";
				PRODUCT_BUNDLE_IDENTIFIER = "caelum.com.br.App-Contatos";
				PRODUCT_NAME = "$(TARGET_NAME)";
				SWIFT_VERSION = 3.0;
			};
			name = Release;
		};
/* End XCBuildConfiguration section */

/* Begin XCConfigurationList section */
		1398F2751E869E0F00169274 /* Build configuration list for PBXProject "App Contatos" */ = {
			isa = XCConfigurationList;
			buildConfigurations = (
				1398F28D1E869E1100169274 /* Debug */,
				1398F28E1E869E1100169274 /* Release */,
			);
			defaultConfigurationIsVisible = 0;
			defaultConfigurationName = Release;
		};
		1398F28F1E869E1100169274 /* Build configuration list for PBXNativeTarget "App Contatos" */ = {
			isa = XCConfigurationList;
			buildConfigurations = (
				1398F2901E869E1100169274 /* Debug */,
				1398F2911E869E1100169274 /* Release */,
			);
			defaultConfigurationIsVisible = 0;
			defaultConfigurationName = Release;
		};
/* End XCConfigurationList section */

/* Begin XCVersionGroup section */
		1398F2841E869E1100169274 /* App_Contatos.xcdatamodeld */ = {
			isa = XCVersionGroup;
			children = (
				1398F2851E869E1100169274 /* App_Contatos.xcdatamodel */,
			);
			currentVersion = 1398F2851E869E1100169274 /* App_Contatos.xcdatamodel */;
			path = App_Contatos.xcdatamodeld;
			sourceTree = "<group>";
			versionGroupType = wrapper.xcdatamodel;
		};
/* End XCVersionGroup section */
	};
	rootObject = 1398F2721E869E0F00169274 /* Project object */;
}
